
Microsoft Visual Studio Solution File, Format Version 12.00
# Visual Studio Version 17
VisualStudioVersion = 17.13.35825.156
MinimumVisualStudioVersion = 10.0.40219.1
Project("{FAE04EC0-301F-11D3-BF4B-00C04F79EFBC}") = "TN01 - WFCadastroContato", "TN01 - WFCadastroContato\TN01 - WFCadastroContato.csproj", "{D29B0EEB-77B6-4ED8-BADE-165D40C1E3D0}"
EndProject
Project("{FAE04EC0-301F-11D3-BF4B-00C04F79EFBC}") = "WFAcesso", "WFAcesso\WFAcesso.csproj", "{3822E64F-BABD-4888-92B3-75F9303F3065}"
EndProject
Global
	GlobalSection(SolutionConfigurationPlatforms) = preSolution
		Debug|Any CPU = Debug|Any CPU
		Release|Any CPU = Release|Any CPU
	EndGlobalSection
	GlobalSection(ProjectConfigurationPlatforms) = postSolution
		{D29B0EEB-77B6-4ED8-BADE-165D40C1E3D0}.Debug|Any CPU.ActiveCfg = Debug|Any CPU
		{D29B0EEB-77B6-4ED8-BADE-165D40C1E3D0}.Debug|Any CPU.Build.0 = Debug|Any CPU
		{D29B0EEB-77B6-4ED8-BADE-165D40C1E3D0}.Release|Any CPU.ActiveCfg = Release|Any CPU
		{D29B0EEB-77B6-4ED8-BADE-165D40C1E3D0}.Release|Any CPU.Build.0 = Release|Any CPU
		{3822E64F-BABD-4888-92B3-75F9303F3065}.Debug|Any CPU.ActiveCfg = Debug|Any CPU
		{3822E64F-BABD-4888-92B3-75F9303F3065}.Debug|Any CPU.Build.0 = Debug|Any CPU
		{3822E64F-BABD-4888-92B3-75F9303F3065}.Release|Any CPU.ActiveCfg = Release|Any CPU
		{3822E64F-BABD-4888-92B3-75F9303F3065}.Release|Any CPU.Build.0 = Release|Any CPU
	EndGlobalSection
	GlobalSection(SolutionProperties) = preSolution
		HideSolutionNode = FALSE
	EndGlobalSection
	GlobalSection(ExtensibilityGlobals) = postSolution
		SolutionGuid = {1DDAC301-0FA1-492E-90B0-45279B3B3965}
	EndGlobalSection
EndGlobal
